
Microsoft Visual Studio Solution File, Format Version 12.00
# Visual Studio Version 17
VisualStudioVersion = 17.9.34723.18
MinimumVisualStudioVersion = 10.0.40219.1
Project("{FAE04EC0-301F-11D3-BF4B-00C04F79EFBC}") = "Pet-Shelter-Web-API", "Pet-Shelter-Web-API\Pet-Shelter-Web-API.csproj", "{5CF42251-40D5-4F3C-B5DB-D2C5AC75B412}"
EndProject
Global
	GlobalSection(SolutionConfigurationPlatforms) = preSolution
		Debug|Any CPU = Debug|Any CPU
		Release|Any CPU = Release|Any CPU
	EndGlobalSection
	GlobalSection(ProjectConfigurationPlatforms) = postSolution
		{5CF42251-40D5-4F3C-B5DB-D2C5AC75B412}.Debug|Any CPU.ActiveCfg = Debug|Any CPU
		{5CF42251-40D5-4F3C-B5DB-D2C5AC75B412}.Debug|Any CPU.Build.0 = Debug|Any CPU
		{5CF42251-40D5-4F3C-B5DB-D2C5AC75B412}.Release|Any CPU.ActiveCfg = Release|Any CPU
		{5CF42251-40D5-4F3C-B5DB-D2C5AC75B412}.Release|Any CPU.Build.0 = Release|Any CPU
	EndGlobalSection
	GlobalSection(SolutionProperties) = preSolution
		HideSolutionNode = FALSE
	EndGlobalSection
	GlobalSection(ExtensibilityGlobals) = postSolution
		SolutionGuid = {C3DEEBCD-259E-4DAF-A1D5-105C3230C576}
	EndGlobalSection
EndGlobal
